// !$*UTF8*$!
{
	archiveVersion = 1;
	classes = {
	};
	objectVersion = 50;
	objects = {

/* Begin PBXBuildFile section */
		2900AD8F235EF9D9009BFDB1 /* AppDelegate.swift in Sources */ = {isa = PBXBuildFile; fileRef = 2900AD8E235EF9D9009BFDB1 /* AppDelegate.swift */; };
		2900AD91235EF9D9009BFDB1 /* SceneDelegate.swift in Sources */ = {isa = PBXBuildFile; fileRef = 2900AD90235EF9D9009BFDB1 /* SceneDelegate.swift */; };
		2900AD93235EF9D9009BFDB1 /* ViewController.swift in Sources */ = {isa = PBXBuildFile; fileRef = 2900AD92235EF9D9009BFDB1 /* ViewController.swift */; };
		2900AD96235EF9D9009BFDB1 /* Main.storyboard in Resources */ = {isa = PBXBuildFile; fileRef = 2900AD94235EF9D9009BFDB1 /* Main.storyboard */; };
		2900AD98235EF9E3009BFDB1 /* Assets.xcassets in Resources */ = {isa = PBXBuildFile; fileRef = 2900AD97235EF9E3009BFDB1 /* Assets.xcassets */; };
		2900AD9B235EF9E3009BFDB1 /* LaunchScreen.storyboard in Resources */ = {isa = PBXBuildFile; fileRef = 2900AD99235EF9E3009BFDB1 /* LaunchScreen.storyboard */; };
/* End PBXBuildFile section */

/* Begin PBXFileReference section */
		2900AD8B235EF9D9009BFDB1 /* ChangeWindowBG.app */ = {isa = PBXFileReference; explicitFileType = wrapper.application; includeInIndex = 0; path = ChangeWindowBG.app; sourceTree = BUILT_PRODUCTS_DIR; };
		2900AD8E235EF9D9009BFDB1 /* AppDelegate.swift */ = {isa = PBXFileReference; lastKnownFileType = sourcecode.swift; path = AppDelegate.swift; sourceTree = "<group>"; };
		2900AD90235EF9D9009BFDB1 /* SceneDelegate.swift */ = {isa = PBXFileReference; lastKnownFileType = sourcecode.swift; path = SceneDelegate.swift; sourceTree = "<group>"; };
		2900AD92235EF9D9009BFDB1 /* ViewController.swift */ = {isa = PBXFileReference; lastKnownFileType = sourcecode.swift; path = ViewController.swift; sourceTree = "<group>"; };
		2900AD95235EF9D9009BFDB1 /* Base */ = {isa = PBXFileReference; lastKnownFileType = file.storyboard; name = Base; path = Base.lproj/Main.storyboard; sourceTree = "<group>"; };
		2900AD97235EF9E3009BFDB1 /* Assets.xcassets */ = {isa = PBXFileReference; lastKnownFileType = folder.assetcatalog; path = Assets.xcassets; sourceTree = "<group>"; };
		2900AD9A235EF9E3009BFDB1 /* Base */ = {isa = PBXFileReference; lastKnownFileType = file.storyboard; name = Base; path = Base.lproj/LaunchScreen.storyboard; sourceTree = "<group>"; };
		2900AD9C235EF9E3009BFDB1 /* Info.plist */ = {isa = PBXFileReference; lastKnownFileType = text.plist.xml; path = Info.plist; sourceTree = "<group>"; };
/* End PBXFileReference section */

/* Begin PBXFrameworksBuildPhase section */
		2900AD88235EF9D9009BFDB1 /* Frameworks */ = {
			isa = PBXFrameworksBuildPhase;
			buildActionMask = 2147483647;
			files = (
			);
			runOnlyForDeploymentPostprocessing = 0;
		};
/* End PBXFrameworksBuildPhase section */

/* Begin PBXGroup section */
		2900AD82235EF9D8009BFDB1 = {
			isa = PBXGroup;
			children = (
				2900AD8D235EF9D9009BFDB1 /* ChangeWindowBG */,
				2900AD8C235EF9D9009BFDB1 /* Products */,
			);
			sourceTree = "<group>";
		};
		2900AD8C235EF9D9009BFDB1 /* Products */ = {
			isa = PBXGroup;
			children = (
				2900AD8B235EF9D9009BFDB1 /* ChangeWindowBG.app */,
			);
			name = Products;
			sourceTree = "<group>";
		};
		2900AD8D235EF9D9009BFDB1 /* ChangeWindowBG */ = {
			isa = PBXGroup;
			children = (
				2900AD8E235EF9D9009BFDB1 /* AppDelegate.swift */,
				2900AD90235EF9D9009BFDB1 /* SceneDelegate.swift */,
				2900AD92235EF9D9009BFDB1 /* ViewController.swift */,
				2900AD94235EF9D9009BFDB1 /* Main.storyboard */,
				2900AD97235EF9E3009BFDB1 /* Assets.xcassets */,
				2900AD99235EF9E3009BFDB1 /* LaunchScreen.storyboard */,
				2900AD9C235EF9E3009BFDB1 /* Info.plist */,
			);
			path = ChangeWindowBG;
			sourceTree = "<group>";
		};
/* End PBXGroup section */

/* Begin PBXNativeTarget section */
		2900AD8A235EF9D9009BFDB1 /* ChangeWindowBG */ = {
			isa = PBXNativeTarget;
			buildConfigurationList = 2900AD9F235EF9E3009BFDB1 /* Build configuration list for PBXNativeTarget "ChangeWindowBG" */;
			buildPhases = (
				2900AD87235EF9D9009BFDB1 /* Sources */,
				2900AD88235EF9D9009BFDB1 /* Frameworks */,
				2900AD89235EF9D9009BFDB1 /* Resources */,
			);
			buildRules = (
			);
			dependencies = (
			);
			name = ChangeWindowBG;
			productName = ChangeWindowBG;
			productReference = 2900AD8B235EF9D9009BFDB1 /* ChangeWindowBG.app */;
			productType = "com.apple.product-type.application";
		};
/* End PBXNativeTarget section */

/* Begin PBXProject section */
		2900AD83235EF9D8009BFDB1 /* Project object */ = {
			isa = PBXProject;
			attributes = {
				LastSwiftUpdateCheck = 1100;
				LastUpgradeCheck = 1100;
				ORGANIZATIONNAME = Karthikeyan;
				TargetAttributes = {
					2900AD8A235EF9D9009BFDB1 = {
						CreatedOnToolsVersion = 11.0;
					};
				};
			};
			buildConfigurationList = 2900AD86235EF9D8009BFDB1 /* Build configuration list for PBXProject "ChangeWindowBG" */;
			compatibilityVersion = "Xcode 9.3";
			developmentRegion = en;
			hasScannedForEncodings = 0;
			knownRegions = (
				en,
				Base,
			);
			mainGroup = 2900AD82235EF9D8009BFDB1;
			productRefGroup = 2900AD8C235EF9D9009BFDB1 /* Products */;
			projectDirPath = "";
			projectRoot = "";
			targets = (
				2900AD8A235EF9D9009BFDB1 /* ChangeWindowBG */,
			);
		};
/* End PBXProject section */

/* Begin PBXResourcesBuildPhase section */
		2900AD89235EF9D9009BFDB1 /* Resources */ = {
			isa = PBXResourcesBuildPhase;
			buildActionMask = 2147483647;
			files = (
				2900AD9B235EF9E3009BFDB1 /* LaunchScreen.storyboard in Resources */,
				2900AD98235EF9E3009BFDB1 /* Assets.xcassets in Resources */,
				2900AD96235EF9D9009BFDB1 /* Main.storyboard in Resources */,
			);
			runOnlyForDeploymentPostprocessing = 0;
		};
/* End PBXResourcesBuildPhase section */

/* Begin PBXSourcesBuildPhase section */
		2900AD87235EF9D9009BFDB1 /* Sources */ = {
			isa = PBXSourcesBuildPhase;
			buildActionMask = 2147483647;
			files = (
				2900AD93235EF9D9009BFDB1 /* ViewController.swift in Sources */,
				2900AD8F235EF9D9009BFDB1 /* AppDelegate.swift in Sources */,
				2900AD91235EF9D9009BFDB1 /* SceneDelegate.swift in Sources */,
			);
			runOnlyForDeploymentPostprocessing = 0;
		};
/* End PBXSourcesBuildPhase section */

/* Begin PBXVariantGroup section */
		2900AD94235EF9D9009BFDB1 /* Main.storyboard */ = {
			isa = PBXVariantGroup;
			children = (
				2900AD95235EF9D9009BFDB1 /* Base */,
			);
			name = Main.storyboard;
			sourceTree = "<group>";
		};
		2900AD99235EF9E3009BFDB1 /* LaunchScreen.storyboard */ = {
			isa = PBXVariantGroup;
			children = (
				2900AD9A235EF9E3009BFDB1 /* Base */,
			);
			name = LaunchScreen.storyboard;
			sourceTree = "<group>";
		};
/* End PBXVariantGroup section */

/* Begin XCBuildConfiguration section */
		2900AD9D235EF9E3009BFDB1 /* Debug */ = {
			isa = XCBuildConfiguration;
			buildSettings = {
				ALWAYS_SEARCH_USER_PATHS = NO;
				CLANG_ANALYZER_NONNULL = YES;
				CLANG_ANALYZER_NUMBER_OBJECT_CONVERSION = YES_AGGRESSIVE;
				CLANG_CXX_LANGUAGE_STANDARD = "gnu++14";
				CLANG_CXX_LIBRARY = "libc++";
				CLANG_ENABLE_MODULES = YES;
				CLANG_ENABLE_OBJC_ARC = YES;
				CLANG_ENABLE_OBJC_WEAK = YES;
				CLANG_WARN_BLOCK_CAPTURE_AUTORELEASING = YES;
				CLANG_WARN_BOOL_CONVERSION = YES;
				CLANG_WARN_COMMA = YES;
				CLANG_WARN_CONSTANT_CONVERSION = YES;
				CLANG_WARN_DEPRECATED_OBJC_IMPLEMENTATIONS = YES;
				CLANG_WARN_DIRECT_OBJC_ISA_USAGE = YES_ERROR;
				CLANG_WARN_DOCUMENTATION_COMMENTS = YES;
				CLANG_WARN_EMPTY_BODY = YES;
				CLANG_WARN_ENUM_CONVERSION = YES;
				CLANG_WARN_INFINITE_RECURSION = YES;
				CLANG_WARN_INT_CONVERSION = YES;
				CLANG_WARN_NON_LITERAL_NULL_CONVERSION = YES;
				CLANG_WARN_OBJC_IMPLICIT_RETAIN_SELF = YES;
				CLANG_WARN_OBJC_LITERAL_CONVERSION = YES;
				CLANG_WARN_OBJC_ROOT_CLASS = YES_ERROR;
				CLANG_WARN_RANGE_LOOP_ANALYSIS = YES;
				CLANG_WARN_STRICT_PROTOTYPES = YES;
				CLANG_WARN_SUSPICIOUS_MOVE = YES;
				CLANG_WARN_UNGUARDED_AVAILABILITY = YES_AGGRESSIVE;
				CLANG_WARN_UNREACHABLE_CODE = YES;
				CLANG_WARN__DUPLICATE_METHOD_MATCH = YES;
				COPY_PHASE_STRIP = NO;
				DEBUG_INFORMATION_FORMAT = dwarf;
				ENABLE_STRICT_OBJC_MSGSEND = YES;
				ENABLE_TESTABILITY = YES;
				GCC_C_LANGUAGE_STANDARD = gnu11;
				GCC_DYNAMIC_NO_PIC = NO;
				GCC_NO_COMMON_BLOCKS = YES;
				GCC_OPTIMIZATION_LEVEL = 0;
				GCC_PREPROCESSOR_DEFINITIONS = (
					"DEBUG=1",
					"$(inherited)",
				);
				GCC_WARN_64_TO_32_BIT_CONVERSION = YES;
				GCC_WARN_ABOUT_RETURN_TYPE = YES_ERROR;
				GCC_WARN_UNDECLARED_SELECTOR = YES;
				GCC_WARN_UNINITIALIZED_AUTOS = YES_AGGRESSIVE;
				GCC_WARN_UNUSED_FUNCTION = YES;
				GCC_WARN_UNUSED_VARIABLE = YES;
				IPHONEOS_DEPLOYMENT_TARGET = 13.0;
				MTL_ENABLE_DEBUG_INFO = INCLUDE_SOURCE;
				MTL_FAST_MATH = YES;
				ONLY_ACTIVE_ARCH = YES;
				SDKROOT = iphoneos;
				SWIFT_ACTIVE_COMPILATION_CONDITIONS = DEBUG;
				SWIFT_OPTIMIZATION_LEVEL = "-Onone";
			};
			name = Debug;
		};
		2900AD9E235EF9E3009BFDB1 /* Release */ = {
			isa = XCBuildConfiguration;
			buildSettings = {
				ALWAYS_SEARCH_USER_PATHS = NO;
				CLANG_ANALYZER_NONNULL = YES;
				CLANG_ANALYZER_NUMBER_OBJECT_CONVERSION = YES_AGGRESSIVE;
				CLANG_CXX_LANGUAGE_STANDARD = "gnu++14";
				CLANG_CXX_LIBRARY = "libc++";
				CLANG_ENABLE_MODULES = YES;
				CLANG_ENABLE_OBJC_ARC = YES;
				CLANG_ENABLE_OBJC_WEAK = YES;
				CLANG_WARN_BLOCK_CAPTURE_AUTORELEASING = YES;
				CLANG_WARN_BOOL_CONVERSION = YES;
				CLANG_WARN_COMMA = YES;
				CLANG_WARN_CONSTANT_CONVERSION = YES;
				CLANG_WARN_DEPRECATED_OBJC_IMPLEMENTATIONS = YES;
				CLANG_WARN_DIRECT_OBJC_ISA_USAGE = YES_ERROR;
				CLANG_WARN_DOCUMENTATION_COMMENTS = YES;
				CLANG_WARN_EMPTY_BODY = YES;
				CLANG_WARN_ENUM_CONVERSION = YES;
				CLANG_WARN_INFINITE_RECURSION = YES;
				CLANG_WARN_INT_CONVERSION = YES;
				CLANG_WARN_NON_LITERAL_NULL_CONVERSION = YES;
				CLANG_WARN_OBJC_IMPLICIT_RETAIN_SELF = YES;
				CLANG_WARN_OBJC_LITERAL_CONVERSION = YES;
				CLANG_WARN_OBJC_ROOT_CLASS = YES_ERROR;
				CLANG_WARN_RANGE_LOOP_ANALYSIS = YES;
				CLANG_WARN_STRICT_PROTOTYPES = YES;
				CLANG_WARN_SUSPICIOUS_MOVE = YES;
				CLANG_WARN_UNGUARDED_AVAILABILITY = YES_AGGRESSIVE;
				CLANG_WARN_UNREACHABLE_CODE = YES;
				CLANG_WARN__DUPLICATE_METHOD_MATCH = YES;
				COPY_PHASE_STRIP = NO;
				DEBUG_INFORMATION_FORMAT = "dwarf-with-dsym";
				ENABLE_NS_ASSERTIONS = NO;
				ENABLE_STRICT_OBJC_MSGSEND = YES;
				GCC_C_LANGUAGE_STANDARD = gnu11;
				GCC_NO_COMMON_BLOCKS = YES;
				GCC_WARN_64_TO_32_BIT_CONVERSION = YES;
				GCC_WARN_ABOUT_RETURN_TYPE = YES_ERROR;
				GCC_WARN_UNDECLARED_SELECTOR = YES;
				GCC_WARN_UNINITIALIZED_AUTOS = YES_AGGRESSIVE;
				GCC_WARN_UNUSED_FUNCTION = YES;
				GCC_WARN_UNUSED_VARIABLE = YES;
				IPHONEOS_DEPLOYMENT_TARGET = 13.0;
				MTL_ENABLE_DEBUG_INFO = NO;
				MTL_FAST_MATH = YES;
				SDKROOT = iphoneos;
				SWIFT_COMPILATION_MODE = wholemodule;
				SWIFT_OPTIMIZATION_LEVEL = "-O";
				VALIDATE_PRODUCT = YES;
			};
			name = Release;
		};
		2900ADA0235EF9E3009BFDB1 /* Debug */ = {
			isa = XCBuildConfiguration;
			buildSettings = {
				ASSETCATALOG_COMPILER_APPICON_NAME = AppIcon;
				CODE_SIGN_STYLE = Automatic;
				DEVELOPMENT_TEAM = FJL98GS683;
				INFOPLIST_FILE = ChangeWindowBG/Info.plist;
				LD_RUNPATH_SEARCH_PATHS = (
					"$(inherited)",
					"@executable_path/Frameworks",
				);
				PRODUCT_BUNDLE_IDENTIFIER = Karthikeyan.ChangeWindowBG;
				PRODUCT_NAME = "$(TARGET_NAME)";
				SWIFT_VERSION = 5.0;
				TARGETED_DEVICE_FAMILY = "1,2";
			};
			name = Debug;
		};
		2900ADA1235EF9E3009BFDB1 /* Release */ = {
			isa = XCBuildConfiguration;
			buildSettings = {
				ASSETCATALOG_COMPILER_APPICON_NAME = AppIcon;
				CODE_SIGN_STYLE = Automatic;
				DEVELOPMENT_TEAM = FJL98GS683;
				INFOPLIST_FILE = ChangeWindowBG/Info.plist;
				LD_RUNPATH_SEARCH_PATHS = (
					"$(inherited)",
					"@executable_path/Frameworks",
				);
				PRODUCT_BUNDLE_IDENTIFIER = Karthikeyan.ChangeWindowBG;
				PRODUCT_NAME = "$(TARGET_NAME)";
				SWIFT_VERSION = 5.0;
				TARGETED_DEVICE_FAMILY = "1,2";
			};
			name = Release;
		};
/* End XCBuildConfiguration section */

/* Begin XCConfigurationList section */
		2900AD86235EF9D8009BFDB1 /* Build configuration list for PBXProject "ChangeWindowBG" */ = {
			isa = XCConfigurationList;
			buildConfigurations = (
				2900AD9D235EF9E3009BFDB1 /* Debug */,
				2900AD9E235EF9E3009BFDB1 /* Release */,
			);
			defaultConfigurationIsVisible = 0;
			defaultConfigurationName = Release;
		};
		2900AD9F235EF9E3009BFDB1 /* Build configuration list for PBXNativeTarget "ChangeWindowBG" */ = {
			isa = XCConfigurationList;
			buildConfigurations = (
				2900ADA0235EF9E3009BFDB1 /* Debug */,
				2900ADA1235EF9E3009BFDB1 /* Release */,
			);
			defaultConfigurationIsVisible = 0;
			defaultConfigurationName = Release;
		};
/* End XCConfigurationList section */
	};
	rootObject = 2900AD83235EF9D8009BFDB1 /* Project object */;
}
